
Microsoft Visual Studio Solution File, Format Version 12.00
# Visual Studio Version 16
VisualStudioVersion = 16.0.31729.503
MinimumVisualStudioVersion = 10.0.40219.1
Project("{FAE04EC0-301F-11D3-BF4B-00C04F79EFBC}") = "Evaluacion Diciembre 2021", "Evaluacion Diciembre 2021\Evaluacion Diciembre 2021.csproj", "{390E029D-2B8C-42CB-9D31-C16BDD87B0D9}"
EndProject
Global
	GlobalSection(SolutionConfigurationPlatforms) = preSolution
		Debug|Any CPU = Debug|Any CPU
		Release|Any CPU = Release|Any CPU
	EndGlobalSection
	GlobalSection(ProjectConfigurationPlatforms) = postSolution
		{390E029D-2B8C-42CB-9D31-C16BDD87B0D9}.Debug|Any CPU.ActiveCfg = Debug|Any CPU
		{390E029D-2B8C-42CB-9D31-C16BDD87B0D9}.Debug|Any CPU.Build.0 = Debug|Any CPU
		{390E029D-2B8C-42CB-9D31-C16BDD87B0D9}.Release|Any CPU.ActiveCfg = Release|Any CPU
		{390E029D-2B8C-42CB-9D31-C16BDD87B0D9}.Release|Any CPU.Build.0 = Release|Any CPU
	EndGlobalSection
	GlobalSection(SolutionProperties) = preSolution
		HideSolutionNode = FALSE
	EndGlobalSection
	GlobalSection(ExtensibilityGlobals) = postSolution
		SolutionGuid = {88970357-4377-4EEC-83ED-EF91E77AD943}
	EndGlobalSection
EndGlobal
